
Microsoft Visual Studio Solution File, Format Version 12.00
# Visual Studio 2010
Project("{FAE04EC0-301F-11D3-BF4B-00C04F79EFBC}") = "HelicopterShooting", "HelicopterShooting\HelicopterShooting.csproj", "{4BA15F3B-8928-4CEB-8498-7654B425FF6C}"
EndProject
Project("{54435603-DBB4-11D2-8724-00A0C9A8B90C}") = "Helicopter Shooting", "Helicopter Shooting\Helicopter Shooting.vdproj", "{E2711DC5-0CC7-4D0B-A66E-8C82E69268B3}"
EndProject
Global
	GlobalSection(SolutionConfigurationPlatforms) = preSolution
		Debug|Any CPU = Debug|Any CPU
		Release|Any CPU = Release|Any CPU
	EndGlobalSection
	GlobalSection(ProjectConfigurationPlatforms) = postSolution
		{4BA15F3B-8928-4CEB-8498-7654B425FF6C}.Debug|Any CPU.ActiveCfg = Debug|Any CPU
		{4BA15F3B-8928-4CEB-8498-7654B425FF6C}.Debug|Any CPU.Build.0 = Debug|Any CPU
		{4BA15F3B-8928-4CEB-8498-7654B425FF6C}.Release|Any CPU.ActiveCfg = Release|Any CPU
		{4BA15F3B-8928-4CEB-8498-7654B425FF6C}.Release|Any CPU.Build.0 = Release|Any CPU
		{E2711DC5-0CC7-4D0B-A66E-8C82E69268B3}.Debug|Any CPU.ActiveCfg = Debug
		{E2711DC5-0CC7-4D0B-A66E-8C82E69268B3}.Release|Any CPU.ActiveCfg = Release
	EndGlobalSection
	GlobalSection(SolutionProperties) = preSolution
		HideSolutionNode = FALSE
	EndGlobalSection
	GlobalSection(ExtensibilityGlobals) = postSolution
		SolutionGuid = {C101E8CC-CEAE-4F85-8060-29B960E01105}
	EndGlobalSection
EndGlobal
